
Microsoft Visual Studio Solution File, Format Version 12.00
# Visual Studio Version 17
VisualStudioVersion = 17.5.002.0
MinimumVisualStudioVersion = 10.0.40219.1
Project("{9A19103F-16F7-4668-BE54-9A1E7A4F7556}") = "ListaExer06", "ListaExer06.csproj", "{7852FBA5-979E-4D88-AB03-90A7267028E8}"
EndProject
Global
	GlobalSection(SolutionConfigurationPlatforms) = preSolution
		Debug|Any CPU = Debug|Any CPU
		Release|Any CPU = Release|Any CPU
	EndGlobalSection
	GlobalSection(ProjectConfigurationPlatforms) = postSolution
		{7852FBA5-979E-4D88-AB03-90A7267028E8}.Debug|Any CPU.ActiveCfg = Debug|Any CPU
		{7852FBA5-979E-4D88-AB03-90A7267028E8}.Debug|Any CPU.Build.0 = Debug|Any CPU
		{7852FBA5-979E-4D88-AB03-90A7267028E8}.Release|Any CPU.ActiveCfg = Release|Any CPU
		{7852FBA5-979E-4D88-AB03-90A7267028E8}.Release|Any CPU.Build.0 = Release|Any CPU
	EndGlobalSection
	GlobalSection(SolutionProperties) = preSolution
		HideSolutionNode = FALSE
	EndGlobalSection
	GlobalSection(ExtensibilityGlobals) = postSolution
		SolutionGuid = {D2ADE34F-1F5D-4266-AE6D-7E2747B3C82D}
	EndGlobalSection
EndGlobal
